// !$*UTF8*$!
{
	archiveVersion = 1;
	classes = {
	};
	objectVersion = 56;
	objects = {

/* Begin PBXBuildFile section */
		F32DB26F2A151687008C6119 /* DataModel.swift in Sources */ = {isa = PBXBuildFile; fileRef = F32DB26E2A151687008C6119 /* DataModel.swift */; };
		F32DB2742A165F3C008C6119 /* ImageClassifierView.swift in Sources */ = {isa = PBXBuildFile; fileRef = F32DB2732A165F3C008C6119 /* ImageClassifierView.swift */; };
		F32DB2772A1660EB008C6119 /* HandPoseClassifierView.swift in Sources */ = {isa = PBXBuildFile; fileRef = F32DB2762A1660EB008C6119 /* HandPoseClassifierView.swift */; };
		F32DB2792A1661F2008C6119 /* MobileNetV2.mlmodel in Sources */ = {isa = PBXBuildFile; fileRef = F32DB2782A1661F2008C6119 /* MobileNetV2.mlmodel */; };
		F389B57A2A0D104600D04A6B /* ToLibrasApp.swift in Sources */ = {isa = PBXBuildFile; fileRef = F389B5792A0D104600D04A6B /* ToLibrasApp.swift */; };
		F389B57C2A0D104600D04A6B /* ContentView.swift in Sources */ = {isa = PBXBuildFile; fileRef = F389B57B2A0D104600D04A6B /* ContentView.swift */; };
		F389B57E2A0D104700D04A6B /* Assets.xcassets in Resources */ = {isa = PBXBuildFile; fileRef = F389B57D2A0D104700D04A6B /* Assets.xcassets */; };
		F389B5822A0D104700D04A6B /* Preview Assets.xcassets in Resources */ = {isa = PBXBuildFile; fileRef = F389B5812A0D104700D04A6B /* Preview Assets.xcassets */; };
		F389B58C2A0D104700D04A6B /* ToLibrasTests.swift in Sources */ = {isa = PBXBuildFile; fileRef = F389B58B2A0D104700D04A6B /* ToLibrasTests.swift */; };
		F389B5962A0D104700D04A6B /* ToLibrasUITests.swift in Sources */ = {isa = PBXBuildFile; fileRef = F389B5952A0D104700D04A6B /* ToLibrasUITests.swift */; };
		F389B5982A0D104700D04A6B /* ToLibrasUITestsLaunchTests.swift in Sources */ = {isa = PBXBuildFile; fileRef = F389B5972A0D104700D04A6B /* ToLibrasUITestsLaunchTests.swift */; };
		F389B5A72A0D16F600D04A6B /* ImagePicker.swift in Sources */ = {isa = PBXBuildFile; fileRef = F389B5A62A0D16F600D04A6B /* ImagePicker.swift */; };
		F389B5AB2A0D35B700D04A6B /* UIImage+Extension.swift in Sources */ = {isa = PBXBuildFile; fileRef = F389B5AA2A0D35B700D04A6B /* UIImage+Extension.swift */; };
		F389B5AD2A0E5DFF00D04A6B /* ToLibras-HandPoses.mlpackage in Sources */ = {isa = PBXBuildFile; fileRef = F389B5AC2A0E5DFF00D04A6B /* ToLibras-HandPoses.mlpackage */; };
/* End PBXBuildFile section */

/* Begin PBXContainerItemProxy section */
		F389B5882A0D104700D04A6B /* PBXContainerItemProxy */ = {
			isa = PBXContainerItemProxy;
			containerPortal = F389B56E2A0D104600D04A6B /* Project object */;
			proxyType = 1;
			remoteGlobalIDString = F389B5752A0D104600D04A6B;
			remoteInfo = ToLibras;
		};
		F389B5922A0D104700D04A6B /* PBXContainerItemProxy */ = {
			isa = PBXContainerItemProxy;
			containerPortal = F389B56E2A0D104600D04A6B /* Project object */;
			proxyType = 1;
			remoteGlobalIDString = F389B5752A0D104600D04A6B;
			remoteInfo = ToLibras;
		};
/* End PBXContainerItemProxy section */

/* Begin PBXFileReference section */
		F32DB26E2A151687008C6119 /* DataModel.swift */ = {isa = PBXFileReference; lastKnownFileType = sourcecode.swift; path = DataModel.swift; sourceTree = "<group>"; };
		F32DB2732A165F3C008C6119 /* ImageClassifierView.swift */ = {isa = PBXFileReference; lastKnownFileType = sourcecode.swift; path = ImageClassifierView.swift; sourceTree = "<group>"; };
		F32DB2762A1660EB008C6119 /* HandPoseClassifierView.swift */ = {isa = PBXFileReference; lastKnownFileType = sourcecode.swift; path = HandPoseClassifierView.swift; sourceTree = "<group>"; };
		F32DB2782A1661F2008C6119 /* MobileNetV2.mlmodel */ = {isa = PBXFileReference; lastKnownFileType = file.mlmodel; path = MobileNetV2.mlmodel; sourceTree = "<group>"; };
		F389B5762A0D104600D04A6B /* ToLibras.app */ = {isa = PBXFileReference; explicitFileType = wrapper.application; includeInIndex = 0; path = ToLibras.app; sourceTree = BUILT_PRODUCTS_DIR; };
		F389B5792A0D104600D04A6B /* ToLibrasApp.swift */ = {isa = PBXFileReference; lastKnownFileType = sourcecode.swift; path = ToLibrasApp.swift; sourceTree = "<group>"; };
		F389B57B2A0D104600D04A6B /* ContentView.swift */ = {isa = PBXFileReference; lastKnownFileType = sourcecode.swift; path = ContentView.swift; sourceTree = "<group>"; };
		F389B57D2A0D104700D04A6B /* Assets.xcassets */ = {isa = PBXFileReference; lastKnownFileType = folder.assetcatalog; path = Assets.xcassets; sourceTree = "<group>"; };
		F389B57F2A0D104700D04A6B /* ToLibras.entitlements */ = {isa = PBXFileReference; lastKnownFileType = text.plist.entitlements; path = ToLibras.entitlements; sourceTree = "<group>"; };
		F389B5812A0D104700D04A6B /* Preview Assets.xcassets */ = {isa = PBXFileReference; lastKnownFileType = folder.assetcatalog; path = "Preview Assets.xcassets"; sourceTree = "<group>"; };
		F389B5872A0D104700D04A6B /* ToLibrasTests.xctest */ = {isa = PBXFileReference; explicitFileType = wrapper.cfbundle; includeInIndex = 0; path = ToLibrasTests.xctest; sourceTree = BUILT_PRODUCTS_DIR; };
		F389B58B2A0D104700D04A6B /* ToLibrasTests.swift */ = {isa = PBXFileReference; lastKnownFileType = sourcecode.swift; path = ToLibrasTests.swift; sourceTree = "<group>"; };
		F389B5912A0D104700D04A6B /* ToLibrasUITests.xctest */ = {isa = PBXFileReference; explicitFileType = wrapper.cfbundle; includeInIndex = 0; path = ToLibrasUITests.xctest; sourceTree = BUILT_PRODUCTS_DIR; };
		F389B5952A0D104700D04A6B /* ToLibrasUITests.swift */ = {isa = PBXFileReference; lastKnownFileType = sourcecode.swift; path = ToLibrasUITests.swift; sourceTree = "<group>"; };
		F389B5972A0D104700D04A6B /* ToLibrasUITestsLaunchTests.swift */ = {isa = PBXFileReference; lastKnownFileType = sourcecode.swift; path = ToLibrasUITestsLaunchTests.swift; sourceTree = "<group>"; };
		F389B5A42A0D10EE00D04A6B /* Info.plist */ = {isa = PBXFileReference; lastKnownFileType = text.plist; path = Info.plist; sourceTree = "<group>"; };
		F389B5A62A0D16F600D04A6B /* ImagePicker.swift */ = {isa = PBXFileReference; lastKnownFileType = sourcecode.swift; path = ImagePicker.swift; sourceTree = "<group>"; };
		F389B5AA2A0D35B700D04A6B /* UIImage+Extension.swift */ = {isa = PBXFileReference; fileEncoding = 4; lastKnownFileType = sourcecode.swift; path = "UIImage+Extension.swift"; sourceTree = "<group>"; };
		F389B5AC2A0E5DFF00D04A6B /* ToLibras-HandPoses.mlpackage */ = {isa = PBXFileReference; lastKnownFileType = folder.mlpackage; path = "ToLibras-HandPoses.mlpackage"; sourceTree = "<group>"; };
/* End PBXFileReference section */

/* Begin PBXFrameworksBuildPhase section */
		F389B5732A0D104600D04A6B /* Frameworks */ = {
			isa = PBXFrameworksBuildPhase;
			buildActionMask = 2147483647;
			files = (
			);
			runOnlyForDeploymentPostprocessing = 0;
		};
		F389B5842A0D104700D04A6B /* Frameworks */ = {
			isa = PBXFrameworksBuildPhase;
			buildActionMask = 2147483647;
			files = (
			);
			runOnlyForDeploymentPostprocessing = 0;
		};
		F389B58E2A0D104700D04A6B /* Frameworks */ = {
			isa = PBXFrameworksBuildPhase;
			buildActionMask = 2147483647;
			files = (
			);
			runOnlyForDeploymentPostprocessing = 0;
		};
/* End PBXFrameworksBuildPhase section */

/* Begin PBXGroup section */
		F32DB2342A14FA98008C6119 /* Camera */ = {
			isa = PBXGroup;
			children = (
				F32DB26E2A151687008C6119 /* DataModel.swift */,
			);
			path = Camera;
			sourceTree = "<group>";
		};
		F32DB2702A165F0B008C6119 /* Views */ = {
			isa = PBXGroup;
			children = (
				F32DB2732A165F3C008C6119 /* ImageClassifierView.swift */,
				F32DB2762A1660EB008C6119 /* HandPoseClassifierView.swift */,
			);
			path = Views;
			sourceTree = "<group>";
		};
		F32DB2752A165F5F008C6119 /* Models */ = {
			isa = PBXGroup;
			children = (
				F32DB2782A1661F2008C6119 /* MobileNetV2.mlmodel */,
				F389B5AC2A0E5DFF00D04A6B /* ToLibras-HandPoses.mlpackage */,
			);
			path = Models;
			sourceTree = "<group>";
		};
		F389B56D2A0D104600D04A6B = {
			isa = PBXGroup;
			children = (
				F389B5782A0D104600D04A6B /* ToLibras */,
				F389B58A2A0D104700D04A6B /* ToLibrasTests */,
				F389B5942A0D104700D04A6B /* ToLibrasUITests */,
				F389B5772A0D104600D04A6B /* Products */,
			);
			sourceTree = "<group>";
		};
		F389B5772A0D104600D04A6B /* Products */ = {
			isa = PBXGroup;
			children = (
				F389B5762A0D104600D04A6B /* ToLibras.app */,
				F389B5872A0D104700D04A6B /* ToLibrasTests.xctest */,
				F389B5912A0D104700D04A6B /* ToLibrasUITests.xctest */,
			);
			name = Products;
			sourceTree = "<group>";
		};
		F389B5782A0D104600D04A6B /* ToLibras */ = {
			isa = PBXGroup;
			children = (
				F32DB2752A165F5F008C6119 /* Models */,
				F32DB2702A165F0B008C6119 /* Views */,
				F32DB2342A14FA98008C6119 /* Camera */,
				F389B5A52A0D16E600D04A6B /* Helpers */,
				F389B5A42A0D10EE00D04A6B /* Info.plist */,
				F389B5792A0D104600D04A6B /* ToLibrasApp.swift */,
				F389B57B2A0D104600D04A6B /* ContentView.swift */,
				F389B57D2A0D104700D04A6B /* Assets.xcassets */,
				F389B57F2A0D104700D04A6B /* ToLibras.entitlements */,
				F389B5802A0D104700D04A6B /* Preview Content */,
			);
			path = ToLibras;
			sourceTree = "<group>";
		};
		F389B5802A0D104700D04A6B /* Preview Content */ = {
			isa = PBXGroup;
			children = (
				F389B5812A0D104700D04A6B /* Preview Assets.xcassets */,
			);
			path = "Preview Content";
			sourceTree = "<group>";
		};
		F389B58A2A0D104700D04A6B /* ToLibrasTests */ = {
			isa = PBXGroup;
			children = (
				F389B58B2A0D104700D04A6B /* ToLibrasTests.swift */,
			);
			path = ToLibrasTests;
			sourceTree = "<group>";
		};
		F389B5942A0D104700D04A6B /* ToLibrasUITests */ = {
			isa = PBXGroup;
			children = (
				F389B5952A0D104700D04A6B /* ToLibrasUITests.swift */,
				F389B5972A0D104700D04A6B /* ToLibrasUITestsLaunchTests.swift */,
			);
			path = ToLibrasUITests;
			sourceTree = "<group>";
		};
		F389B5A52A0D16E600D04A6B /* Helpers */ = {
			isa = PBXGroup;
			children = (
				F389B5AA2A0D35B700D04A6B /* UIImage+Extension.swift */,
				F389B5A62A0D16F600D04A6B /* ImagePicker.swift */,
			);
			path = Helpers;
			sourceTree = "<group>";
		};
/* End PBXGroup section */

/* Begin PBXNativeTarget section */
		F389B5752A0D104600D04A6B /* ToLibras */ = {
			isa = PBXNativeTarget;
			buildConfigurationList = F389B59B2A0D104700D04A6B /* Build configuration list for PBXNativeTarget "ToLibras" */;
			buildPhases = (
				F389B5722A0D104600D04A6B /* Sources */,
				F389B5732A0D104600D04A6B /* Frameworks */,
				F389B5742A0D104600D04A6B /* Resources */,
			);
			buildRules = (
			);
			dependencies = (
			);
			name = ToLibras;
			productName = ToLibras;
			productReference = F389B5762A0D104600D04A6B /* ToLibras.app */;
			productType = "com.apple.product-type.application";
		};
		F389B5862A0D104700D04A6B /* ToLibrasTests */ = {
			isa = PBXNativeTarget;
			buildConfigurationList = F389B59E2A0D104700D04A6B /* Build configuration list for PBXNativeTarget "ToLibrasTests" */;
			buildPhases = (
				F389B5832A0D104700D04A6B /* Sources */,
				F389B5842A0D104700D04A6B /* Frameworks */,
				F389B5852A0D104700D04A6B /* Resources */,
			);
			buildRules = (
			);
			dependencies = (
				F389B5892A0D104700D04A6B /* PBXTargetDependency */,
			);
			name = ToLibrasTests;
			productName = ToLibrasTests;
			productReference = F389B5872A0D104700D04A6B /* ToLibrasTests.xctest */;
			productType = "com.apple.product-type.bundle.unit-test";
		};
		F389B5902A0D104700D04A6B /* ToLibrasUITests */ = {
			isa = PBXNativeTarget;
			buildConfigurationList = F389B5A12A0D104700D04A6B /* Build configuration list for PBXNativeTarget "ToLibrasUITests" */;
			buildPhases = (
				F389B58D2A0D104700D04A6B /* Sources */,
				F389B58E2A0D104700D04A6B /* Frameworks */,
				F389B58F2A0D104700D04A6B /* Resources */,
			);
			buildRules = (
			);
			dependencies = (
				F389B5932A0D104700D04A6B /* PBXTargetDependency */,
			);
			name = ToLibrasUITests;
			productName = ToLibrasUITests;
			productReference = F389B5912A0D104700D04A6B /* ToLibrasUITests.xctest */;
			productType = "com.apple.product-type.bundle.ui-testing";
		};
/* End PBXNativeTarget section */

/* Begin PBXProject section */
		F389B56E2A0D104600D04A6B /* Project object */ = {
			isa = PBXProject;
			attributes = {
				BuildIndependentTargetsInParallel = 1;
				LastSwiftUpdateCheck = 1430;
				LastUpgradeCheck = 1430;
				TargetAttributes = {
					F389B5752A0D104600D04A6B = {
						CreatedOnToolsVersion = 14.3;
					};
					F389B5862A0D104700D04A6B = {
						CreatedOnToolsVersion = 14.3;
						TestTargetID = F389B5752A0D104600D04A6B;
					};
					F389B5902A0D104700D04A6B = {
						CreatedOnToolsVersion = 14.3;
						TestTargetID = F389B5752A0D104600D04A6B;
					};
				};
			};
			buildConfigurationList = F389B5712A0D104600D04A6B /* Build configuration list for PBXProject "ToLibras" */;
			compatibilityVersion = "Xcode 14.0";
			developmentRegion = en;
			hasScannedForEncodings = 0;
			knownRegions = (
				en,
				Base,
			);
			mainGroup = F389B56D2A0D104600D04A6B;
			productRefGroup = F389B5772A0D104600D04A6B /* Products */;
			projectDirPath = "";
			projectRoot = "";
			targets = (
				F389B5752A0D104600D04A6B /* ToLibras */,
				F389B5862A0D104700D04A6B /* ToLibrasTests */,
				F389B5902A0D104700D04A6B /* ToLibrasUITests */,
			);
		};
/* End PBXProject section */

/* Begin PBXResourcesBuildPhase section */
		F389B5742A0D104600D04A6B /* Resources */ = {
			isa = PBXResourcesBuildPhase;
			buildActionMask = 2147483647;
			files = (
				F389B5822A0D104700D04A6B /* Preview Assets.xcassets in Resources */,
				F389B57E2A0D104700D04A6B /* Assets.xcassets in Resources */,
			);
			runOnlyForDeploymentPostprocessing = 0;
		};
		F389B5852A0D104700D04A6B /* Resources */ = {
			isa = PBXResourcesBuildPhase;
			buildActionMask = 2147483647;
			files = (
			);
			runOnlyForDeploymentPostprocessing = 0;
		};
		F389B58F2A0D104700D04A6B /* Resources */ = {
			isa = PBXResourcesBuildPhase;
			buildActionMask = 2147483647;
			files = (
			);
			runOnlyForDeploymentPostprocessing = 0;
		};
/* End PBXResourcesBuildPhase section */

/* Begin PBXSourcesBuildPhase section */
		F389B5722A0D104600D04A6B /* Sources */ = {
			isa = PBXSourcesBuildPhase;
			buildActionMask = 2147483647;
			files = (
				F32DB2792A1661F2008C6119 /* MobileNetV2.mlmodel in Sources */,
				F389B5AD2A0E5DFF00D04A6B /* ToLibras-HandPoses.mlpackage in Sources */,
				F32DB2772A1660EB008C6119 /* HandPoseClassifierView.swift in Sources */,
				F389B5A72A0D16F600D04A6B /* ImagePicker.swift in Sources */,
				F389B5AB2A0D35B700D04A6B /* UIImage+Extension.swift in Sources */,
				F389B57C2A0D104600D04A6B /* ContentView.swift in Sources */,
				F32DB2742A165F3C008C6119 /* ImageClassifierView.swift in Sources */,
				F389B57A2A0D104600D04A6B /* ToLibrasApp.swift in Sources */,
				F32DB26F2A151687008C6119 /* DataModel.swift in Sources */,
			);
			runOnlyForDeploymentPostprocessing = 0;
		};
		F389B5832A0D104700D04A6B /* Sources */ = {
			isa = PBXSourcesBuildPhase;
			buildActionMask = 2147483647;
			files = (
				F389B58C2A0D104700D04A6B /* ToLibrasTests.swift in Sources */,
			);
			runOnlyForDeploymentPostprocessing = 0;
		};
		F389B58D2A0D104700D04A6B /* Sources */ = {
			isa = PBXSourcesBuildPhase;
			buildActionMask = 2147483647;
			files = (
				F389B5982A0D104700D04A6B /* ToLibrasUITestsLaunchTests.swift in Sources */,
				F389B5962A0D104700D04A6B /* ToLibrasUITests.swift in Sources */,
			);
			runOnlyForDeploymentPostprocessing = 0;
		};
/* End PBXSourcesBuildPhase section */

/* Begin PBXTargetDependency section */
		F389B5892A0D104700D04A6B /* PBXTargetDependency */ = {
			isa = PBXTargetDependency;
			target = F389B5752A0D104600D04A6B /* ToLibras */;
			targetProxy = F389B5882A0D104700D04A6B /* PBXContainerItemProxy */;
		};
		F389B5932A0D104700D04A6B /* PBXTargetDependency */ = {
			isa = PBXTargetDependency;
			target = F389B5752A0D104600D04A6B /* ToLibras */;
			targetProxy = F389B5922A0D104700D04A6B /* PBXContainerItemProxy */;
		};
/* End PBXTargetDependency section */

/* Begin XCBuildConfiguration section */
		F389B5992A0D104700D04A6B /* Debug */ = {
			isa = XCBuildConfiguration;
			buildSettings = {
				ALWAYS_SEARCH_USER_PATHS = NO;
				CLANG_ANALYZER_NONNULL = YES;
				CLANG_ANALYZER_NUMBER_OBJECT_CONVERSION = YES_AGGRESSIVE;
				CLANG_CXX_LANGUAGE_STANDARD = "gnu++20";
				CLANG_ENABLE_MODULES = YES;
				CLANG_ENABLE_OBJC_ARC = YES;
				CLANG_ENABLE_OBJC_WEAK = YES;
				CLANG_WARN_BLOCK_CAPTURE_AUTORELEASING = YES;
				CLANG_WARN_BOOL_CONVERSION = YES;
				CLANG_WARN_COMMA = YES;
				CLANG_WARN_CONSTANT_CONVERSION = YES;
				CLANG_WARN_DEPRECATED_OBJC_IMPLEMENTATIONS = YES;
				CLANG_WARN_DIRECT_OBJC_ISA_USAGE = YES_ERROR;
				CLANG_WARN_DOCUMENTATION_COMMENTS = YES;
				CLANG_WARN_EMPTY_BODY = YES;
				CLANG_WARN_ENUM_CONVERSION = YES;
				CLANG_WARN_INFINITE_RECURSION = YES;
				CLANG_WARN_INT_CONVERSION = YES;
				CLANG_WARN_NON_LITERAL_NULL_CONVERSION = YES;
				CLANG_WARN_OBJC_IMPLICIT_RETAIN_SELF = YES;
				CLANG_WARN_OBJC_LITERAL_CONVERSION = YES;
				CLANG_WARN_OBJC_ROOT_CLASS = YES_ERROR;
				CLANG_WARN_QUOTED_INCLUDE_IN_FRAMEWORK_HEADER = YES;
				CLANG_WARN_RANGE_LOOP_ANALYSIS = YES;
				CLANG_WARN_STRICT_PROTOTYPES = YES;
				CLANG_WARN_SUSPICIOUS_MOVE = YES;
				CLANG_WARN_UNGUARDED_AVAILABILITY = YES_AGGRESSIVE;
				CLANG_WARN_UNREACHABLE_CODE = YES;
				CLANG_WARN__DUPLICATE_METHOD_MATCH = YES;
				COPY_PHASE_STRIP = NO;
				DEBUG_INFORMATION_FORMAT = dwarf;
				ENABLE_STRICT_OBJC_MSGSEND = YES;
				ENABLE_TESTABILITY = YES;
				GCC_C_LANGUAGE_STANDARD = gnu11;
				GCC_DYNAMIC_NO_PIC = NO;
				GCC_NO_COMMON_BLOCKS = YES;
				GCC_OPTIMIZATION_LEVEL = 0;
				GCC_PREPROCESSOR_DEFINITIONS = (
					"DEBUG=1",
					"$(inherited)",
				);
				GCC_WARN_64_TO_32_BIT_CONVERSION = YES;
				GCC_WARN_ABOUT_RETURN_TYPE = YES_ERROR;
				GCC_WARN_UNDECLARED_SELECTOR = YES;
				GCC_WARN_UNINITIALIZED_AUTOS = YES_AGGRESSIVE;
				GCC_WARN_UNUSED_FUNCTION = YES;
				GCC_WARN_UNUSED_VARIABLE = YES;
				MTL_ENABLE_DEBUG_INFO = INCLUDE_SOURCE;
				MTL_FAST_MATH = YES;
				ONLY_ACTIVE_ARCH = YES;
				SWIFT_ACTIVE_COMPILATION_CONDITIONS = DEBUG;
				SWIFT_OPTIMIZATION_LEVEL = "-Onone";
			};
			name = Debug;
		};
		F389B59A2A0D104700D04A6B /* Release */ = {
			isa = XCBuildConfiguration;
			buildSettings = {
				ALWAYS_SEARCH_USER_PATHS = NO;
				CLANG_ANALYZER_NONNULL = YES;
				CLANG_ANALYZER_NUMBER_OBJECT_CONVERSION = YES_AGGRESSIVE;
				CLANG_CXX_LANGUAGE_STANDARD = "gnu++20";
				CLANG_ENABLE_MODULES = YES;
				CLANG_ENABLE_OBJC_ARC = YES;
				CLANG_ENABLE_OBJC_WEAK = YES;
				CLANG_WARN_BLOCK_CAPTURE_AUTORELEASING = YES;
				CLANG_WARN_BOOL_CONVERSION = YES;
				CLANG_WARN_COMMA = YES;
				CLANG_WARN_CONSTANT_CONVERSION = YES;
				CLANG_WARN_DEPRECATED_OBJC_IMPLEMENTATIONS = YES;
				CLANG_WARN_DIRECT_OBJC_ISA_USAGE = YES_ERROR;
				CLANG_WARN_DOCUMENTATION_COMMENTS = YES;
				CLANG_WARN_EMPTY_BODY = YES;
				CLANG_WARN_ENUM_CONVERSION = YES;
				CLANG_WARN_INFINITE_RECURSION = YES;
				CLANG_WARN_INT_CONVERSION = YES;
				CLANG_WARN_NON_LITERAL_NULL_CONVERSION = YES;
				CLANG_WARN_OBJC_IMPLICIT_RETAIN_SELF = YES;
				CLANG_WARN_OBJC_LITERAL_CONVERSION = YES;
				CLANG_WARN_OBJC_ROOT_CLASS = YES_ERROR;
				CLANG_WARN_QUOTED_INCLUDE_IN_FRAMEWORK_HEADER = YES;
				CLANG_WARN_RANGE_LOOP_ANALYSIS = YES;
				CLANG_WARN_STRICT_PROTOTYPES = YES;
				CLANG_WARN_SUSPICIOUS_MOVE = YES;
				CLANG_WARN_UNGUARDED_AVAILABILITY = YES_AGGRESSIVE;
				CLANG_WARN_UNREACHABLE_CODE = YES;
				CLANG_WARN__DUPLICATE_METHOD_MATCH = YES;
				COPY_PHASE_STRIP = NO;
				DEBUG_INFORMATION_FORMAT = "dwarf-with-dsym";
				ENABLE_NS_ASSERTIONS = NO;
				ENABLE_STRICT_OBJC_MSGSEND = YES;
				GCC_C_LANGUAGE_STANDARD = gnu11;
				GCC_NO_COMMON_BLOCKS = YES;
				GCC_WARN_64_TO_32_BIT_CONVERSION = YES;
				GCC_WARN_ABOUT_RETURN_TYPE = YES_ERROR;
				GCC_WARN_UNDECLARED_SELECTOR = YES;
				GCC_WARN_UNINITIALIZED_AUTOS = YES_AGGRESSIVE;
				GCC_WARN_UNUSED_FUNCTION = YES;
				GCC_WARN_UNUSED_VARIABLE = YES;
				MTL_ENABLE_DEBUG_INFO = NO;
				MTL_FAST_MATH = YES;
				SWIFT_COMPILATION_MODE = wholemodule;
				SWIFT_OPTIMIZATION_LEVEL = "-O";
			};
			name = Release;
		};
		F389B59C2A0D104700D04A6B /* Debug */ = {
			isa = XCBuildConfiguration;
			buildSettings = {
				ASSETCATALOG_COMPILER_APPICON_NAME = AppIcon;
				ASSETCATALOG_COMPILER_GLOBAL_ACCENT_COLOR_NAME = AccentColor;
				CODE_SIGN_ENTITLEMENTS = ToLibras/ToLibras.entitlements;
				CODE_SIGN_STYLE = Automatic;
				CURRENT_PROJECT_VERSION = 1;
				DEVELOPMENT_ASSET_PATHS = "\"ToLibras/Preview Content\"";
				DEVELOPMENT_TEAM = 2P65JA735T;
				ENABLE_HARDENED_RUNTIME = YES;
				ENABLE_PREVIEWS = YES;
				GENERATE_INFOPLIST_FILE = YES;
				INFOPLIST_FILE = ToLibras/Info.plist;
				INFOPLIST_KEY_NSCameraUsageDescription = "Capture um sinal de LIBRAS";
				INFOPLIST_KEY_NSPhotoLibraryUsageDescription = "Escolha uma imagem";
				"INFOPLIST_KEY_UIApplicationSceneManifest_Generation[sdk=iphoneos*]" = YES;
				"INFOPLIST_KEY_UIApplicationSceneManifest_Generation[sdk=iphonesimulator*]" = YES;
				"INFOPLIST_KEY_UIApplicationSupportsIndirectInputEvents[sdk=iphoneos*]" = YES;
				"INFOPLIST_KEY_UIApplicationSupportsIndirectInputEvents[sdk=iphonesimulator*]" = YES;
				"INFOPLIST_KEY_UILaunchScreen_Generation[sdk=iphoneos*]" = YES;
				"INFOPLIST_KEY_UILaunchScreen_Generation[sdk=iphonesimulator*]" = YES;
				"INFOPLIST_KEY_UIStatusBarStyle[sdk=iphoneos*]" = UIStatusBarStyleDefault;
				"INFOPLIST_KEY_UIStatusBarStyle[sdk=iphonesimulator*]" = UIStatusBarStyleDefault;
				INFOPLIST_KEY_UISupportedInterfaceOrientations_iPad = "UIInterfaceOrientationPortrait UIInterfaceOrientationPortraitUpsideDown UIInterfaceOrientationLandscapeLeft UIInterfaceOrientationLandscapeRight";
				INFOPLIST_KEY_UISupportedInterfaceOrientations_iPhone = "UIInterfaceOrientationPortrait UIInterfaceOrientationLandscapeLeft UIInterfaceOrientationLandscapeRight";
				IPHONEOS_DEPLOYMENT_TARGET = 16.4;
				LD_RUNPATH_SEARCH_PATHS = "@executable_path/Frameworks";
				"LD_RUNPATH_SEARCH_PATHS[sdk=macosx*]" = "@executable_path/../Frameworks";
				MACOSX_DEPLOYMENT_TARGET = 13.3;
				MARKETING_VERSION = 1.0;
				PRODUCT_BUNDLE_IDENTIFIER = com.milenaalcantara.ToLibras;
				PRODUCT_NAME = "$(TARGET_NAME)";
				SDKROOT = auto;
				SUPPORTED_PLATFORMS = "iphoneos iphonesimulator macosx";
				SWIFT_EMIT_LOC_STRINGS = YES;
				SWIFT_VERSION = 5.0;
				TARGETED_DEVICE_FAMILY = "1,2";
			};
			name = Debug;
		};
		F389B59D2A0D104700D04A6B /* Release */ = {
			isa = XCBuildConfiguration;
			buildSettings = {
				ASSETCATALOG_COMPILER_APPICON_NAME = AppIcon;
				ASSETCATALOG_COMPILER_GLOBAL_ACCENT_COLOR_NAME = AccentColor;
				CODE_SIGN_ENTITLEMENTS = ToLibras/ToLibras.entitlements;
				CODE_SIGN_STYLE = Automatic;
				CURRENT_PROJECT_VERSION = 1;
				DEVELOPMENT_ASSET_PATHS = "\"ToLibras/Preview Content\"";
				DEVELOPMENT_TEAM = 2P65JA735T;
				ENABLE_HARDENED_RUNTIME = YES;
				ENABLE_PREVIEWS = YES;
				GENERATE_INFOPLIST_FILE = YES;
				INFOPLIST_FILE = ToLibras/Info.plist;
				INFOPLIST_KEY_NSCameraUsageDescription = "Capture um sinal de LIBRAS";
				INFOPLIST_KEY_NSPhotoLibraryUsageDescription = "Escolha uma imagem";
				"INFOPLIST_KEY_UIApplicationSceneManifest_Generation[sdk=iphoneos*]" = YES;
				"INFOPLIST_KEY_UIApplicationSceneManifest_Generation[sdk=iphonesimulator*]" = YES;
				"INFOPLIST_KEY_UIApplicationSupportsIndirectInputEvents[sdk=iphoneos*]" = YES;
				"INFOPLIST_KEY_UIApplicationSupportsIndirectInputEvents[sdk=iphonesimulator*]" = YES;
				"INFOPLIST_KEY_UILaunchScreen_Generation[sdk=iphoneos*]" = YES;
				"INFOPLIST_KEY_UILaunchScreen_Generation[sdk=iphonesimulator*]" = YES;
				"INFOPLIST_KEY_UIStatusBarStyle[sdk=iphoneos*]" = UIStatusBarStyleDefault;
				"INFOPLIST_KEY_UIStatusBarStyle[sdk=iphonesimulator*]" = UIStatusBarStyleDefault;
				INFOPLIST_KEY_UISupportedInterfaceOrientations_iPad = "UIInterfaceOrientationPortrait UIInterfaceOrientationPortraitUpsideDown UIInterfaceOrientationLandscapeLeft UIInterfaceOrientationLandscapeRight";
				INFOPLIST_KEY_UISupportedInterfaceOrientations_iPhone = "UIInterfaceOrientationPortrait UIInterfaceOrientationLandscapeLeft UIInterfaceOrientationLandscapeRight";
				IPHONEOS_DEPLOYMENT_TARGET = 16.4;
				LD_RUNPATH_SEARCH_PATHS = "@executable_path/Frameworks";
				"LD_RUNPATH_SEARCH_PATHS[sdk=macosx*]" = "@executable_path/../Frameworks";
				MACOSX_DEPLOYMENT_TARGET = 13.3;
				MARKETING_VERSION = 1.0;
				PRODUCT_BUNDLE_IDENTIFIER = com.milenaalcantara.ToLibras;
				PRODUCT_NAME = "$(TARGET_NAME)";
				SDKROOT = auto;
				SUPPORTED_PLATFORMS = "iphoneos iphonesimulator macosx";
				SWIFT_EMIT_LOC_STRINGS = YES;
				SWIFT_VERSION = 5.0;
				TARGETED_DEVICE_FAMILY = "1,2";
			};
			name = Release;
		};
		F389B59F2A0D104700D04A6B /* Debug */ = {
			isa = XCBuildConfiguration;
			buildSettings = {
				ALWAYS_EMBED_SWIFT_STANDARD_LIBRARIES = YES;
				BUNDLE_LOADER = "$(TEST_HOST)";
				CODE_SIGN_STYLE = Automatic;
				CURRENT_PROJECT_VERSION = 1;
				DEVELOPMENT_TEAM = 2P65JA735T;
				GENERATE_INFOPLIST_FILE = YES;
				IPHONEOS_DEPLOYMENT_TARGET = 16.4;
				MACOSX_DEPLOYMENT_TARGET = 13.3;
				MARKETING_VERSION = 1.0;
				PRODUCT_BUNDLE_IDENTIFIER = com.milenaalcantara.ToLibrasTests;
				PRODUCT_NAME = "$(TARGET_NAME)";
				SDKROOT = auto;
				SUPPORTED_PLATFORMS = "iphoneos iphonesimulator macosx";
				SWIFT_EMIT_LOC_STRINGS = NO;
				SWIFT_VERSION = 5.0;
				TARGETED_DEVICE_FAMILY = "1,2";
				TEST_HOST = "$(BUILT_PRODUCTS_DIR)/ToLibras.app/$(BUNDLE_EXECUTABLE_FOLDER_PATH)/ToLibras";
			};
			name = Debug;
		};
		F389B5A02A0D104700D04A6B /* Release */ = {
			isa = XCBuildConfiguration;
			buildSettings = {
				ALWAYS_EMBED_SWIFT_STANDARD_LIBRARIES = YES;
				BUNDLE_LOADER = "$(TEST_HOST)";
				CODE_SIGN_STYLE = Automatic;
				CURRENT_PROJECT_VERSION = 1;
				DEVELOPMENT_TEAM = 2P65JA735T;
				GENERATE_INFOPLIST_FILE = YES;
				IPHONEOS_DEPLOYMENT_TARGET = 16.4;
				MACOSX_DEPLOYMENT_TARGET = 13.3;
				MARKETING_VERSION = 1.0;
				PRODUCT_BUNDLE_IDENTIFIER = com.milenaalcantara.ToLibrasTests;
				PRODUCT_NAME = "$(TARGET_NAME)";
				SDKROOT = auto;
				SUPPORTED_PLATFORMS = "iphoneos iphonesimulator macosx";
				SWIFT_EMIT_LOC_STRINGS = NO;
				SWIFT_VERSION = 5.0;
				TARGETED_DEVICE_FAMILY = "1,2";
				TEST_HOST = "$(BUILT_PRODUCTS_DIR)/ToLibras.app/$(BUNDLE_EXECUTABLE_FOLDER_PATH)/ToLibras";
			};
			name = Release;
		};
		F389B5A22A0D104700D04A6B /* Debug */ = {
			isa = XCBuildConfiguration;
			buildSettings = {
				ALWAYS_EMBED_SWIFT_STANDARD_LIBRARIES = YES;
				CODE_SIGN_STYLE = Automatic;
				CURRENT_PROJECT_VERSION = 1;
				DEVELOPMENT_TEAM = 2P65JA735T;
				GENERATE_INFOPLIST_FILE = YES;
				IPHONEOS_DEPLOYMENT_TARGET = 16.4;
				MACOSX_DEPLOYMENT_TARGET = 13.3;
				MARKETING_VERSION = 1.0;
				PRODUCT_BUNDLE_IDENTIFIER = com.milenaalcantara.ToLibrasUITests;
				PRODUCT_NAME = "$(TARGET_NAME)";
				SDKROOT = auto;
				SUPPORTED_PLATFORMS = "iphoneos iphonesimulator macosx";
				SWIFT_EMIT_LOC_STRINGS = NO;
				SWIFT_VERSION = 5.0;
				TARGETED_DEVICE_FAMILY = "1,2";
				TEST_TARGET_NAME = ToLibras;
			};
			name = Debug;
		};
		F389B5A32A0D104700D04A6B /* Release */ = {
			isa = XCBuildConfiguration;
			buildSettings = {
				ALWAYS_EMBED_SWIFT_STANDARD_LIBRARIES = YES;
				CODE_SIGN_STYLE = Automatic;
				CURRENT_PROJECT_VERSION = 1;
				DEVELOPMENT_TEAM = 2P65JA735T;
				GENERATE_INFOPLIST_FILE = YES;
				IPHONEOS_DEPLOYMENT_TARGET = 16.4;
				MACOSX_DEPLOYMENT_TARGET = 13.3;
				MARKETING_VERSION = 1.0;
				PRODUCT_BUNDLE_IDENTIFIER = com.milenaalcantara.ToLibrasUITests;
				PRODUCT_NAME = "$(TARGET_NAME)";
				SDKROOT = auto;
				SUPPORTED_PLATFORMS = "iphoneos iphonesimulator macosx";
				SWIFT_EMIT_LOC_STRINGS = NO;
				SWIFT_VERSION = 5.0;
				TARGETED_DEVICE_FAMILY = "1,2";
				TEST_TARGET_NAME = ToLibras;
			};
			name = Release;
		};
/* End XCBuildConfiguration section */

/* Begin XCConfigurationList section */
		F389B5712A0D104600D04A6B /* Build configuration list for PBXProject "ToLibras" */ = {
			isa = XCConfigurationList;
			buildConfigurations = (
				F389B5992A0D104700D04A6B /* Debug */,
				F389B59A2A0D104700D04A6B /* Release */,
			);
			defaultConfigurationIsVisible = 0;
			defaultConfigurationName = Release;
		};
		F389B59B2A0D104700D04A6B /* Build configuration list for PBXNativeTarget "ToLibras" */ = {
			isa = XCConfigurationList;
			buildConfigurations = (
				F389B59C2A0D104700D04A6B /* Debug */,
				F389B59D2A0D104700D04A6B /* Release */,
			);
			defaultConfigurationIsVisible = 0;
			defaultConfigurationName = Release;
		};
		F389B59E2A0D104700D04A6B /* Build configuration list for PBXNativeTarget "ToLibrasTests" */ = {
			isa = XCConfigurationList;
			buildConfigurations = (
				F389B59F2A0D104700D04A6B /* Debug */,
				F389B5A02A0D104700D04A6B /* Release */,
			);
			defaultConfigurationIsVisible = 0;
			defaultConfigurationName = Release;
		};
		F389B5A12A0D104700D04A6B /* Build configuration list for PBXNativeTarget "ToLibrasUITests" */ = {
			isa = XCConfigurationList;
			buildConfigurations = (
				F389B5A22A0D104700D04A6B /* Debug */,
				F389B5A32A0D104700D04A6B /* Release */,
			);
			defaultConfigurationIsVisible = 0;
			defaultConfigurationName = Release;
		};
/* End XCConfigurationList section */
	};
	rootObject = F389B56E2A0D104600D04A6B /* Project object */;
}
